{
  "name": "hyperapp-styled-components",
  "version": "0.1.2",
  "lockfileVersion": 2,
  "requires": true,
  "packages": {
    "": {
      "version": "0.1.2",
      "license": "MIT",
      "dependencies": {
        "hyperapp": "github:cizion/hyperapp"
      }
    },
    "node_modules/hyperapp": {
      "version": "1.2.10",
      "resolved": "git+ssh://git@github.com/cizion/hyperapp.git#70382a92c59bf92fb2323dc53c3495a0c9caa292",
      "license": "MIT"
    }
  },
  "dependencies": {
    "hyperapp": {
      "version": "git+ssh://git@github.com/cizion/hyperapp.git#70382a92c59bf92fb2323dc53c3495a0c9caa292",
      "from": "hyperapp@github:cizion/hyperapp"
    }
  }
}
